// !$*UTF8*$!
{
	archiveVersion = 1;
	classes = {
	};
	objectVersion = 50;
	objects = {

/* Begin PBXBuildFile section */
		86F4905124503513008FD9BE /* AppDelegate.swift in Sources */ = {isa = PBXBuildFile; fileRef = 86F4905024503513008FD9BE /* AppDelegate.swift */; };
		86F4905324503513008FD9BE /* SceneDelegate.swift in Sources */ = {isa = PBXBuildFile; fileRef = 86F4905224503513008FD9BE /* SceneDelegate.swift */; };
		86F4905524503513008FD9BE /* ViewController.swift in Sources */ = {isa = PBXBuildFile; fileRef = 86F4905424503513008FD9BE /* ViewController.swift */; };
		86F4905824503513008FD9BE /* Main.storyboard in Resources */ = {isa = PBXBuildFile; fileRef = 86F4905624503513008FD9BE /* Main.storyboard */; };
		86F4905A24503513008FD9BE /* Assets.xcassets in Resources */ = {isa = PBXBuildFile; fileRef = 86F4905924503513008FD9BE /* Assets.xcassets */; };
		86F4905D24503513008FD9BE /* LaunchScreen.storyboard in Resources */ = {isa = PBXBuildFile; fileRef = 86F4905B24503513008FD9BE /* LaunchScreen.storyboard */; };
		86F4906824503513008FD9BE /* ThugMakerTests.swift in Sources */ = {isa = PBXBuildFile; fileRef = 86F4906724503513008FD9BE /* ThugMakerTests.swift */; };
		86F4907324503513008FD9BE /* ThugMakerUITests.swift in Sources */ = {isa = PBXBuildFile; fileRef = 86F4907224503513008FD9BE /* ThugMakerUITests.swift */; };
		86F4908124503561008FD9BE /* CaptionOption.swift in Sources */ = {isa = PBXBuildFile; fileRef = 86F4908024503561008FD9BE /* CaptionOption.swift */; };
/* End PBXBuildFile section */

/* Begin PBXContainerItemProxy section */
		86F4906424503513008FD9BE /* PBXContainerItemProxy */ = {
			isa = PBXContainerItemProxy;
			containerPortal = 86F4904524503513008FD9BE /* Project object */;
			proxyType = 1;
			remoteGlobalIDString = 86F4904C24503513008FD9BE;
			remoteInfo = ThugMaker;
		};
		86F4906F24503513008FD9BE /* PBXContainerItemProxy */ = {
			isa = PBXContainerItemProxy;
			containerPortal = 86F4904524503513008FD9BE /* Project object */;
			proxyType = 1;
			remoteGlobalIDString = 86F4904C24503513008FD9BE;
			remoteInfo = ThugMaker;
		};
/* End PBXContainerItemProxy section */

/* Begin PBXFileReference section */
		86F4904D24503513008FD9BE /* ThugMaker.app */ = {isa = PBXFileReference; explicitFileType = wrapper.application; includeInIndex = 0; path = ThugMaker.app; sourceTree = BUILT_PRODUCTS_DIR; };
		86F4905024503513008FD9BE /* AppDelegate.swift */ = {isa = PBXFileReference; lastKnownFileType = sourcecode.swift; path = AppDelegate.swift; sourceTree = "<group>"; };
		86F4905224503513008FD9BE /* SceneDelegate.swift */ = {isa = PBXFileReference; lastKnownFileType = sourcecode.swift; path = SceneDelegate.swift; sourceTree = "<group>"; };
		86F4905424503513008FD9BE /* ViewController.swift */ = {isa = PBXFileReference; lastKnownFileType = sourcecode.swift; path = ViewController.swift; sourceTree = "<group>"; };
		86F4905724503513008FD9BE /* Base */ = {isa = PBXFileReference; lastKnownFileType = file.storyboard; name = Base; path = Base.lproj/Main.storyboard; sourceTree = "<group>"; };
		86F4905924503513008FD9BE /* Assets.xcassets */ = {isa = PBXFileReference; lastKnownFileType = folder.assetcatalog; path = Assets.xcassets; sourceTree = "<group>"; };
		86F4905C24503513008FD9BE /* Base */ = {isa = PBXFileReference; lastKnownFileType = file.storyboard; name = Base; path = Base.lproj/LaunchScreen.storyboard; sourceTree = "<group>"; };
		86F4905E24503513008FD9BE /* Info.plist */ = {isa = PBXFileReference; lastKnownFileType = text.plist.xml; path = Info.plist; sourceTree = "<group>"; };
		86F4906324503513008FD9BE /* ThugMakerTests.xctest */ = {isa = PBXFileReference; explicitFileType = wrapper.cfbundle; includeInIndex = 0; path = ThugMakerTests.xctest; sourceTree = BUILT_PRODUCTS_DIR; };
		86F4906724503513008FD9BE /* ThugMakerTests.swift */ = {isa = PBXFileReference; lastKnownFileType = sourcecode.swift; path = ThugMakerTests.swift; sourceTree = "<group>"; };
		86F4906924503513008FD9BE /* Info.plist */ = {isa = PBXFileReference; lastKnownFileType = text.plist.xml; path = Info.plist; sourceTree = "<group>"; };
		86F4906E24503513008FD9BE /* ThugMakerUITests.xctest */ = {isa = PBXFileReference; explicitFileType = wrapper.cfbundle; includeInIndex = 0; path = ThugMakerUITests.xctest; sourceTree = BUILT_PRODUCTS_DIR; };
		86F4907224503513008FD9BE /* ThugMakerUITests.swift */ = {isa = PBXFileReference; lastKnownFileType = sourcecode.swift; path = ThugMakerUITests.swift; sourceTree = "<group>"; };
		86F4907424503513008FD9BE /* Info.plist */ = {isa = PBXFileReference; lastKnownFileType = text.plist.xml; path = Info.plist; sourceTree = "<group>"; };
		86F4908024503561008FD9BE /* CaptionOption.swift */ = {isa = PBXFileReference; lastKnownFileType = sourcecode.swift; path = CaptionOption.swift; sourceTree = "<group>"; };
/* End PBXFileReference section */

/* Begin PBXFrameworksBuildPhase section */
		86F4904A24503513008FD9BE /* Frameworks */ = {
			isa = PBXFrameworksBuildPhase;
			buildActionMask = 2147483647;
			files = (
			);
			runOnlyForDeploymentPostprocessing = 0;
		};
		86F4906024503513008FD9BE /* Frameworks */ = {
			isa = PBXFrameworksBuildPhase;
			buildActionMask = 2147483647;
			files = (
			);
			runOnlyForDeploymentPostprocessing = 0;
		};
		86F4906B24503513008FD9BE /* Frameworks */ = {
			isa = PBXFrameworksBuildPhase;
			buildActionMask = 2147483647;
			files = (
			);
			runOnlyForDeploymentPostprocessing = 0;
		};
/* End PBXFrameworksBuildPhase section */

/* Begin PBXGroup section */
		86F4904424503513008FD9BE = {
			isa = PBXGroup;
			children = (
				86F4904F24503513008FD9BE /* ThugMaker */,
				86F4906624503513008FD9BE /* ThugMakerTests */,
				86F4907124503513008FD9BE /* ThugMakerUITests */,
				86F4904E24503513008FD9BE /* Products */,
			);
			sourceTree = "<group>";
		};
		86F4904E24503513008FD9BE /* Products */ = {
			isa = PBXGroup;
			children = (
				86F4904D24503513008FD9BE /* ThugMaker.app */,
				86F4906324503513008FD9BE /* ThugMakerTests.xctest */,
				86F4906E24503513008FD9BE /* ThugMakerUITests.xctest */,
			);
			name = Products;
			sourceTree = "<group>";
		};
		86F4904F24503513008FD9BE /* ThugMaker */ = {
			isa = PBXGroup;
			children = (
				86F4905024503513008FD9BE /* AppDelegate.swift */,
				86F4905224503513008FD9BE /* SceneDelegate.swift */,
				86F4905424503513008FD9BE /* ViewController.swift */,
				86F4905624503513008FD9BE /* Main.storyboard */,
				86F4905924503513008FD9BE /* Assets.xcassets */,
				86F4905B24503513008FD9BE /* LaunchScreen.storyboard */,
				86F4905E24503513008FD9BE /* Info.plist */,
				86F4908024503561008FD9BE /* CaptionOption.swift */,
			);
			path = ThugMaker;
			sourceTree = "<group>";
		};
		86F4906624503513008FD9BE /* ThugMakerTests */ = {
			isa = PBXGroup;
			children = (
				86F4906724503513008FD9BE /* ThugMakerTests.swift */,
				86F4906924503513008FD9BE /* Info.plist */,
			);
			path = ThugMakerTests;
			sourceTree = "<group>";
		};
		86F4907124503513008FD9BE /* ThugMakerUITests */ = {
			isa = PBXGroup;
			children = (
				86F4907224503513008FD9BE /* ThugMakerUITests.swift */,
				86F4907424503513008FD9BE /* Info.plist */,
			);
			path = ThugMakerUITests;
			sourceTree = "<group>";
		};
/* End PBXGroup section */

/* Begin PBXNativeTarget section */
		86F4904C24503513008FD9BE /* ThugMaker */ = {
			isa = PBXNativeTarget;
			buildConfigurationList = 86F4907724503513008FD9BE /* Build configuration list for PBXNativeTarget "ThugMaker" */;
			buildPhases = (
				86F4904924503513008FD9BE /* Sources */,
				86F4904A24503513008FD9BE /* Frameworks */,
				86F4904B24503513008FD9BE /* Resources */,
			);
			buildRules = (
			);
			dependencies = (
			);
			name = ThugMaker;
			productName = ThugMaker;
			productReference = 86F4904D24503513008FD9BE /* ThugMaker.app */;
			productType = "com.apple.product-type.application";
		};
		86F4906224503513008FD9BE /* ThugMakerTests */ = {
			isa = PBXNativeTarget;
			buildConfigurationList = 86F4907A24503513008FD9BE /* Build configuration list for PBXNativeTarget "ThugMakerTests" */;
			buildPhases = (
				86F4905F24503513008FD9BE /* Sources */,
				86F4906024503513008FD9BE /* Frameworks */,
				86F4906124503513008FD9BE /* Resources */,
			);
			buildRules = (
			);
			dependencies = (
				86F4906524503513008FD9BE /* PBXTargetDependency */,
			);
			name = ThugMakerTests;
			productName = ThugMakerTests;
			productReference = 86F4906324503513008FD9BE /* ThugMakerTests.xctest */;
			productType = "com.apple.product-type.bundle.unit-test";
		};
		86F4906D24503513008FD9BE /* ThugMakerUITests */ = {
			isa = PBXNativeTarget;
			buildConfigurationList = 86F4907D24503513008FD9BE /* Build configuration list for PBXNativeTarget "ThugMakerUITests" */;
			buildPhases = (
				86F4906A24503513008FD9BE /* Sources */,
				86F4906B24503513008FD9BE /* Frameworks */,
				86F4906C24503513008FD9BE /* Resources */,
			);
			buildRules = (
			);
			dependencies = (
				86F4907024503513008FD9BE /* PBXTargetDependency */,
			);
			name = ThugMakerUITests;
			productName = ThugMakerUITests;
			productReference = 86F4906E24503513008FD9BE /* ThugMakerUITests.xctest */;
			productType = "com.apple.product-type.bundle.ui-testing";
		};
/* End PBXNativeTarget section */

/* Begin PBXProject section */
		86F4904524503513008FD9BE /* Project object */ = {
			isa = PBXProject;
			attributes = {
				LastSwiftUpdateCheck = 1140;
				LastUpgradeCheck = 1140;
				ORGANIZATIONNAME = yoon;
				TargetAttributes = {
					86F4904C24503513008FD9BE = {
						CreatedOnToolsVersion = 11.4.1;
					};
					86F4906224503513008FD9BE = {
						CreatedOnToolsVersion = 11.4.1;
						TestTargetID = 86F4904C24503513008FD9BE;
					};
					86F4906D24503513008FD9BE = {
						CreatedOnToolsVersion = 11.4.1;
						TestTargetID = 86F4904C24503513008FD9BE;
					};
				};
			};
			buildConfigurationList = 86F4904824503513008FD9BE /* Build configuration list for PBXProject "ThugMaker" */;
			compatibilityVersion = "Xcode 9.3";
			developmentRegion = en;
			hasScannedForEncodings = 0;
			knownRegions = (
				en,
				Base,
			);
			mainGroup = 86F4904424503513008FD9BE;
			productRefGroup = 86F4904E24503513008FD9BE /* Products */;
			projectDirPath = "";
			projectRoot = "";
			targets = (
				86F4904C24503513008FD9BE /* ThugMaker */,
				86F4906224503513008FD9BE /* ThugMakerTests */,
				86F4906D24503513008FD9BE /* ThugMakerUITests */,
			);
		};
/* End PBXProject section */

/* Begin PBXResourcesBuildPhase section */
		86F4904B24503513008FD9BE /* Resources */ = {
			isa = PBXResourcesBuildPhase;
			buildActionMask = 2147483647;
			files = (
				86F4905D24503513008FD9BE /* LaunchScreen.storyboard in Resources */,
				86F4905A24503513008FD9BE /* Assets.xcassets in Resources */,
				86F4905824503513008FD9BE /* Main.storyboard in Resources */,
			);
			runOnlyForDeploymentPostprocessing = 0;
		};
		86F4906124503513008FD9BE /* Resources */ = {
			isa = PBXResourcesBuildPhase;
			buildActionMask = 2147483647;
			files = (
			);
			runOnlyForDeploymentPostprocessing = 0;
		};
		86F4906C24503513008FD9BE /* Resources */ = {
			isa = PBXResourcesBuildPhase;
			buildActionMask = 2147483647;
			files = (
			);
			runOnlyForDeploymentPostprocessing = 0;
		};
/* End PBXResourcesBuildPhase section */

/* Begin PBXSourcesBuildPhase section */
		86F4904924503513008FD9BE /* Sources */ = {
			isa = PBXSourcesBuildPhase;
			buildActionMask = 2147483647;
			files = (
				86F4905524503513008FD9BE /* ViewController.swift in Sources */,
				86F4908124503561008FD9BE /* CaptionOption.swift in Sources */,
				86F4905124503513008FD9BE /* AppDelegate.swift in Sources */,
				86F4905324503513008FD9BE /* SceneDelegate.swift in Sources */,
			);
			runOnlyForDeploymentPostprocessing = 0;
		};
		86F4905F24503513008FD9BE /* Sources */ = {
			isa = PBXSourcesBuildPhase;
			buildActionMask = 2147483647;
			files = (
				86F4906824503513008FD9BE /* ThugMakerTests.swift in Sources */,
			);
			runOnlyForDeploymentPostprocessing = 0;
		};
		86F4906A24503513008FD9BE /* Sources */ = {
			isa = PBXSourcesBuildPhase;
			buildActionMask = 2147483647;
			files = (
				86F4907324503513008FD9BE /* ThugMakerUITests.swift in Sources */,
			);
			runOnlyForDeploymentPostprocessing = 0;
		};
/* End PBXSourcesBuildPhase section */

/* Begin PBXTargetDependency section */
		86F4906524503513008FD9BE /* PBXTargetDependency */ = {
			isa = PBXTargetDependency;
			target = 86F4904C24503513008FD9BE /* ThugMaker */;
			targetProxy = 86F4906424503513008FD9BE /* PBXContainerItemProxy */;
		};
		86F4907024503513008FD9BE /* PBXTargetDependency */ = {
			isa = PBXTargetDependency;
			target = 86F4904C24503513008FD9BE /* ThugMaker */;
			targetProxy = 86F4906F24503513008FD9BE /* PBXContainerItemProxy */;
		};
/* End PBXTargetDependency section */

/* Begin PBXVariantGroup section */
		86F4905624503513008FD9BE /* Main.storyboard */ = {
			isa = PBXVariantGroup;
			children = (
				86F4905724503513008FD9BE /* Base */,
			);
			name = Main.storyboard;
			sourceTree = "<group>";
		};
		86F4905B24503513008FD9BE /* LaunchScreen.storyboard */ = {
			isa = PBXVariantGroup;
			children = (
				86F4905C24503513008FD9BE /* Base */,
			);
			name = LaunchScreen.storyboard;
			sourceTree = "<group>";
		};
/* End PBXVariantGroup section */

/* Begin XCBuildConfiguration section */
		86F4907524503513008FD9BE /* Debug */ = {
			isa = XCBuildConfiguration;
			buildSettings = {
				ALWAYS_SEARCH_USER_PATHS = NO;
				CLANG_ANALYZER_NONNULL = YES;
				CLANG_ANALYZER_NUMBER_OBJECT_CONVERSION = YES_AGGRESSIVE;
				CLANG_CXX_LANGUAGE_STANDARD = "gnu++14";
				CLANG_CXX_LIBRARY = "libc++";
				CLANG_ENABLE_MODULES = YES;
				CLANG_ENABLE_OBJC_ARC = YES;
				CLANG_ENABLE_OBJC_WEAK = YES;
				CLANG_WARN_BLOCK_CAPTURE_AUTORELEASING = YES;
				CLANG_WARN_BOOL_CONVERSION = YES;
				CLANG_WARN_COMMA = YES;
				CLANG_WARN_CONSTANT_CONVERSION = YES;
				CLANG_WARN_DEPRECATED_OBJC_IMPLEMENTATIONS = YES;
				CLANG_WARN_DIRECT_OBJC_ISA_USAGE = YES_ERROR;
				CLANG_WARN_DOCUMENTATION_COMMENTS = YES;
				CLANG_WARN_EMPTY_BODY = YES;
				CLANG_WARN_ENUM_CONVERSION = YES;
				CLANG_WARN_INFINITE_RECURSION = YES;
				CLANG_WARN_INT_CONVERSION = YES;
				CLANG_WARN_NON_LITERAL_NULL_CONVERSION = YES;
				CLANG_WARN_OBJC_IMPLICIT_RETAIN_SELF = YES;
				CLANG_WARN_OBJC_LITERAL_CONVERSION = YES;
				CLANG_WARN_OBJC_ROOT_CLASS = YES_ERROR;
				CLANG_WARN_RANGE_LOOP_ANALYSIS = YES;
				CLANG_WARN_STRICT_PROTOTYPES = YES;
				CLANG_WARN_SUSPICIOUS_MOVE = YES;
				CLANG_WARN_UNGUARDED_AVAILABILITY = YES_AGGRESSIVE;
				CLANG_WARN_UNREACHABLE_CODE = YES;
				CLANG_WARN__DUPLICATE_METHOD_MATCH = YES;
				COPY_PHASE_STRIP = NO;
				DEBUG_INFORMATION_FORMAT = dwarf;
				ENABLE_STRICT_OBJC_MSGSEND = YES;
				ENABLE_TESTABILITY = YES;
				GCC_C_LANGUAGE_STANDARD = gnu11;
				GCC_DYNAMIC_NO_PIC = NO;
				GCC_NO_COMMON_BLOCKS = YES;
				GCC_OPTIMIZATION_LEVEL = 0;
				GCC_PREPROCESSOR_DEFINITIONS = (
					"DEBUG=1",
					"$(inherited)",
				);
				GCC_WARN_64_TO_32_BIT_CONVERSION = YES;
				GCC_WARN_ABOUT_RETURN_TYPE = YES_ERROR;
				GCC_WARN_UNDECLARED_SELECTOR = YES;
				GCC_WARN_UNINITIALIZED_AUTOS = YES_AGGRESSIVE;
				GCC_WARN_UNUSED_FUNCTION = YES;
				GCC_WARN_UNUSED_VARIABLE = YES;
				IPHONEOS_DEPLOYMENT_TARGET = 13.4;
				MTL_ENABLE_DEBUG_INFO = INCLUDE_SOURCE;
				MTL_FAST_MATH = YES;
				ONLY_ACTIVE_ARCH = YES;
				SDKROOT = iphoneos;
				SWIFT_ACTIVE_COMPILATION_CONDITIONS = DEBUG;
				SWIFT_OPTIMIZATION_LEVEL = "-Onone";
			};
			name = Debug;
		};
		86F4907624503513008FD9BE /* Release */ = {
			isa = XCBuildConfiguration;
			buildSettings = {
				ALWAYS_SEARCH_USER_PATHS = NO;
				CLANG_ANALYZER_NONNULL = YES;
				CLANG_ANALYZER_NUMBER_OBJECT_CONVERSION = YES_AGGRESSIVE;
				CLANG_CXX_LANGUAGE_STANDARD = "gnu++14";
				CLANG_CXX_LIBRARY = "libc++";
				CLANG_ENABLE_MODULES = YES;
				CLANG_ENABLE_OBJC_ARC = YES;
				CLANG_ENABLE_OBJC_WEAK = YES;
				CLANG_WARN_BLOCK_CAPTURE_AUTORELEASING = YES;
				CLANG_WARN_BOOL_CONVERSION = YES;
				CLANG_WARN_COMMA = YES;
				CLANG_WARN_CONSTANT_CONVERSION = YES;
				CLANG_WARN_DEPRECATED_OBJC_IMPLEMENTATIONS = YES;
				CLANG_WARN_DIRECT_OBJC_ISA_USAGE = YES_ERROR;
				CLANG_WARN_DOCUMENTATION_COMMENTS = YES;
				CLANG_WARN_EMPTY_BODY = YES;
				CLANG_WARN_ENUM_CONVERSION = YES;
				CLANG_WARN_INFINITE_RECURSION = YES;
				CLANG_WARN_INT_CONVERSION = YES;
				CLANG_WARN_NON_LITERAL_NULL_CONVERSION = YES;
				CLANG_WARN_OBJC_IMPLICIT_RETAIN_SELF = YES;
				CLANG_WARN_OBJC_LITERAL_CONVERSION = YES;
				CLANG_WARN_OBJC_ROOT_CLASS = YES_ERROR;
				CLANG_WARN_RANGE_LOOP_ANALYSIS = YES;
				CLANG_WARN_STRICT_PROTOTYPES = YES;
				CLANG_WARN_SUSPICIOUS_MOVE = YES;
				CLANG_WARN_UNGUARDED_AVAILABILITY = YES_AGGRESSIVE;
				CLANG_WARN_UNREACHABLE_CODE = YES;
				CLANG_WARN__DUPLICATE_METHOD_MATCH = YES;
				COPY_PHASE_STRIP = NO;
				DEBUG_INFORMATION_FORMAT = "dwarf-with-dsym";
				ENABLE_NS_ASSERTIONS = NO;
				ENABLE_STRICT_OBJC_MSGSEND = YES;
				GCC_C_LANGUAGE_STANDARD = gnu11;
				GCC_NO_COMMON_BLOCKS = YES;
				GCC_WARN_64_TO_32_BIT_CONVERSION = YES;
				GCC_WARN_ABOUT_RETURN_TYPE = YES_ERROR;
				GCC_WARN_UNDECLARED_SELECTOR = YES;
				GCC_WARN_UNINITIALIZED_AUTOS = YES_AGGRESSIVE;
				GCC_WARN_UNUSED_FUNCTION = YES;
				GCC_WARN_UNUSED_VARIABLE = YES;
				IPHONEOS_DEPLOYMENT_TARGET = 13.4;
				MTL_ENABLE_DEBUG_INFO = NO;
				MTL_FAST_MATH = YES;
				SDKROOT = iphoneos;
				SWIFT_COMPILATION_MODE = wholemodule;
				SWIFT_OPTIMIZATION_LEVEL = "-O";
				VALIDATE_PRODUCT = YES;
			};
			name = Release;
		};
		86F4907824503513008FD9BE /* Debug */ = {
			isa = XCBuildConfiguration;
			buildSettings = {
				ASSETCATALOG_COMPILER_APPICON_NAME = AppIcon;
				CODE_SIGN_STYLE = Automatic;
				DEVELOPMENT_TEAM = JYXBL43A2T;
				INFOPLIST_FILE = ThugMaker/Info.plist;
				LD_RUNPATH_SEARCH_PATHS = (
					"$(inherited)",
					"@executable_path/Frameworks",
				);
				PRODUCT_BUNDLE_IDENTIFIER = yoonitro.ThugMaker;
				PRODUCT_NAME = "$(TARGET_NAME)";
				SWIFT_VERSION = 5.0;
				TARGETED_DEVICE_FAMILY = "1,2";
			};
			name = Debug;
		};
		86F4907924503513008FD9BE /* Release */ = {
			isa = XCBuildConfiguration;
			buildSettings = {
				ASSETCATALOG_COMPILER_APPICON_NAME = AppIcon;
				CODE_SIGN_STYLE = Automatic;
				DEVELOPMENT_TEAM = JYXBL43A2T;
				INFOPLIST_FILE = ThugMaker/Info.plist;
				LD_RUNPATH_SEARCH_PATHS = (
					"$(inherited)",
					"@executable_path/Frameworks",
				);
				PRODUCT_BUNDLE_IDENTIFIER = yoonitro.ThugMaker;
				PRODUCT_NAME = "$(TARGET_NAME)";
				SWIFT_VERSION = 5.0;
				TARGETED_DEVICE_FAMILY = "1,2";
			};
			name = Release;
		};
		86F4907B24503513008FD9BE /* Debug */ = {
			isa = XCBuildConfiguration;
			buildSettings = {
				ALWAYS_EMBED_SWIFT_STANDARD_LIBRARIES = YES;
				BUNDLE_LOADER = "$(TEST_HOST)";
				CODE_SIGN_STYLE = Automatic;
				INFOPLIST_FILE = ThugMakerTests/Info.plist;
				IPHONEOS_DEPLOYMENT_TARGET = 13.4;
				LD_RUNPATH_SEARCH_PATHS = (
					"$(inherited)",
					"@executable_path/Frameworks",
					"@loader_path/Frameworks",
				);
				PRODUCT_BUNDLE_IDENTIFIER = yoonitro.ThugMakerTests;
				PRODUCT_NAME = "$(TARGET_NAME)";
				SWIFT_VERSION = 5.0;
				TARGETED_DEVICE_FAMILY = "1,2";
				TEST_HOST = "$(BUILT_PRODUCTS_DIR)/ThugMaker.app/ThugMaker";
			};
			name = Debug;
		};
		86F4907C24503513008FD9BE /* Release */ = {
			isa = XCBuildConfiguration;
			buildSettings = {
				ALWAYS_EMBED_SWIFT_STANDARD_LIBRARIES = YES;
				BUNDLE_LOADER = "$(TEST_HOST)";
				CODE_SIGN_STYLE = Automatic;
				INFOPLIST_FILE = ThugMakerTests/Info.plist;
				IPHONEOS_DEPLOYMENT_TARGET = 13.4;
				LD_RUNPATH_SEARCH_PATHS = (
					"$(inherited)",
					"@executable_path/Frameworks",
					"@loader_path/Frameworks",
				);
				PRODUCT_BUNDLE_IDENTIFIER = yoonitro.ThugMakerTests;
				PRODUCT_NAME = "$(TARGET_NAME)";
				SWIFT_VERSION = 5.0;
				TARGETED_DEVICE_FAMILY = "1,2";
				TEST_HOST = "$(BUILT_PRODUCTS_DIR)/ThugMaker.app/ThugMaker";
			};
			name = Release;
		};
		86F4907E24503513008FD9BE /* Debug */ = {
			isa = XCBuildConfiguration;
			buildSettings = {
				ALWAYS_EMBED_SWIFT_STANDARD_LIBRARIES = YES;
				CODE_SIGN_STYLE = Automatic;
				INFOPLIST_FILE = ThugMakerUITests/Info.plist;
				LD_RUNPATH_SEARCH_PATHS = (
					"$(inherited)",
					"@executable_path/Frameworks",
					"@loader_path/Frameworks",
				);
				PRODUCT_BUNDLE_IDENTIFIER = yoonitro.ThugMakerUITests;
				PRODUCT_NAME = "$(TARGET_NAME)";
				SWIFT_VERSION = 5.0;
				TARGETED_DEVICE_FAMILY = "1,2";
				TEST_TARGET_NAME = ThugMaker;
			};
			name = Debug;
		};
		86F4907F24503513008FD9BE /* Release */ = {
			isa = XCBuildConfiguration;
			buildSettings = {
				ALWAYS_EMBED_SWIFT_STANDARD_LIBRARIES = YES;
				CODE_SIGN_STYLE = Automatic;
				INFOPLIST_FILE = ThugMakerUITests/Info.plist;
				LD_RUNPATH_SEARCH_PATHS = (
					"$(inherited)",
					"@executable_path/Frameworks",
					"@loader_path/Frameworks",
				);
				PRODUCT_BUNDLE_IDENTIFIER = yoonitro.ThugMakerUITests;
				PRODUCT_NAME = "$(TARGET_NAME)";
				SWIFT_VERSION = 5.0;
				TARGETED_DEVICE_FAMILY = "1,2";
				TEST_TARGET_NAME = ThugMaker;
			};
			name = Release;
		};
/* End XCBuildConfiguration section */

/* Begin XCConfigurationList section */
		86F4904824503513008FD9BE /* Build configuration list for PBXProject "ThugMaker" */ = {
			isa = XCConfigurationList;
			buildConfigurations = (
				86F4907524503513008FD9BE /* Debug */,
				86F4907624503513008FD9BE /* Release */,
			);
			defaultConfigurationIsVisible = 0;
			defaultConfigurationName = Release;
		};
		86F4907724503513008FD9BE /* Build configuration list for PBXNativeTarget "ThugMaker" */ = {
			isa = XCConfigurationList;
			buildConfigurations = (
				86F4907824503513008FD9BE /* Debug */,
				86F4907924503513008FD9BE /* Release */,
			);
			defaultConfigurationIsVisible = 0;
			defaultConfigurationName = Release;
		};
		86F4907A24503513008FD9BE /* Build configuration list for PBXNativeTarget "ThugMakerTests" */ = {
			isa = XCConfigurationList;
			buildConfigurations = (
				86F4907B24503513008FD9BE /* Debug */,
				86F4907C24503513008FD9BE /* Release */,
			);
			defaultConfigurationIsVisible = 0;
			defaultConfigurationName = Release;
		};
		86F4907D24503513008FD9BE /* Build configuration list for PBXNativeTarget "ThugMakerUITests" */ = {
			isa = XCConfigurationList;
			buildConfigurations = (
				86F4907E24503513008FD9BE /* Debug */,
				86F4907F24503513008FD9BE /* Release */,
			);
			defaultConfigurationIsVisible = 0;
			defaultConfigurationName = Release;
		};
/* End XCConfigurationList section */
	};
	rootObject = 86F4904524503513008FD9BE /* Project object */;
}
